
Microsoft Visual Studio Solution File, Format Version 12.00
# Visual Studio Version 16
VisualStudioVersion = 16.0.31205.134
MinimumVisualStudioVersion = 10.0.40219.1
Project("{9A19103F-16F7-4668-BE54-9A1E7A4F7556}") = "RockLike", "RockLike.csproj", "{F74CC284-3E5B-44DA-9C9C-009F2A8B2EC9}"
EndProject
Global
	GlobalSection(SolutionConfigurationPlatforms) = preSolution
		Debug|Any CPU = Debug|Any CPU
		Release|Any CPU = Release|Any CPU
	EndGlobalSection
	GlobalSection(ProjectConfigurationPlatforms) = postSolution
		{F74CC284-3E5B-44DA-9C9C-009F2A8B2EC9}.Debug|Any CPU.ActiveCfg = Debug|Any CPU
		{F74CC284-3E5B-44DA-9C9C-009F2A8B2EC9}.Debug|Any CPU.Build.0 = Debug|Any CPU
		{F74CC284-3E5B-44DA-9C9C-009F2A8B2EC9}.Release|Any CPU.ActiveCfg = Release|Any CPU
		{F74CC284-3E5B-44DA-9C9C-009F2A8B2EC9}.Release|Any CPU.Build.0 = Release|Any CPU
	EndGlobalSection
	GlobalSection(SolutionProperties) = preSolution
		HideSolutionNode = FALSE
	EndGlobalSection
	GlobalSection(ExtensibilityGlobals) = postSolution
		SolutionGuid = {0DE4365B-B24C-4E53-861F-F8A7A04C3EC0}
	EndGlobalSection
EndGlobal
